
Microsoft Visual Studio Solution File, Format Version 12.00
# Visual Studio Version 16
VisualStudioVersion = 16.0.31729.503
MinimumVisualStudioVersion = 10.0.40219.1
Project("{FAE04EC0-301F-11D3-BF4B-00C04F79EFBC}") = "BankApplication", "BankApplication\BankApplication.csproj", "{B8498F1D-4CA9-4FA5-B839-9CE5CE4F2E0A}"
EndProject
Project("{FAE04EC0-301F-11D3-BF4B-00C04F79EFBC}") = "BankApplicationUnitTesting", "BankApplicationUnitTesting\BankApplicationUnitTesting.csproj", "{FE20594F-67CE-46AA-9E45-7A8FB8CFA3DC}"
EndProject
Global
	GlobalSection(SolutionConfigurationPlatforms) = preSolution
		Debug|Any CPU = Debug|Any CPU
		Release|Any CPU = Release|Any CPU
	EndGlobalSection
	GlobalSection(ProjectConfigurationPlatforms) = postSolution
		{B8498F1D-4CA9-4FA5-B839-9CE5CE4F2E0A}.Debug|Any CPU.ActiveCfg = Debug|Any CPU
		{B8498F1D-4CA9-4FA5-B839-9CE5CE4F2E0A}.Debug|Any CPU.Build.0 = Debug|Any CPU
		{B8498F1D-4CA9-4FA5-B839-9CE5CE4F2E0A}.Release|Any CPU.ActiveCfg = Release|Any CPU
		{B8498F1D-4CA9-4FA5-B839-9CE5CE4F2E0A}.Release|Any CPU.Build.0 = Release|Any CPU
		{FE20594F-67CE-46AA-9E45-7A8FB8CFA3DC}.Debug|Any CPU.ActiveCfg = Debug|Any CPU
		{FE20594F-67CE-46AA-9E45-7A8FB8CFA3DC}.Debug|Any CPU.Build.0 = Debug|Any CPU
		{FE20594F-67CE-46AA-9E45-7A8FB8CFA3DC}.Release|Any CPU.ActiveCfg = Release|Any CPU
		{FE20594F-67CE-46AA-9E45-7A8FB8CFA3DC}.Release|Any CPU.Build.0 = Release|Any CPU
	EndGlobalSection
	GlobalSection(SolutionProperties) = preSolution
		HideSolutionNode = FALSE
	EndGlobalSection
	GlobalSection(ExtensibilityGlobals) = postSolution
		SolutionGuid = {A5946E95-CE51-4505-B46A-3C87625C5FC8}
	EndGlobalSection
EndGlobal
